
Microsoft Visual Studio Solution File, Format Version 12.00
# Visual Studio 15
VisualStudioVersion = 15.0.28307.572
MinimumVisualStudioVersion = 10.0.40219.1
Project("{FAE04EC0-301F-11D3-BF4B-00C04F79EFBC}") = "CocktailsDeCondition", "CocktailsDeCondition\CocktailsDeCondition.csproj", "{BBC9C02C-9868-4725-9E20-0DFCC20E84AC}"
EndProject
Project("{FAE04EC0-301F-11D3-BF4B-00C04F79EFBC}") = "CocktailsDeCondition.Test", "CocktailsDeCondition.Test\CocktailsDeCondition.Test.csproj", "{2BD2B5B4-AE34-4F86-9ED9-844516CE18DF}"
EndProject
Global
	GlobalSection(SolutionConfigurationPlatforms) = preSolution
		Debug|Any CPU = Debug|Any CPU
		Release|Any CPU = Release|Any CPU
	EndGlobalSection
	GlobalSection(ProjectConfigurationPlatforms) = postSolution
		{BBC9C02C-9868-4725-9E20-0DFCC20E84AC}.Debug|Any CPU.ActiveCfg = Debug|Any CPU
		{BBC9C02C-9868-4725-9E20-0DFCC20E84AC}.Debug|Any CPU.Build.0 = Debug|Any CPU
		{BBC9C02C-9868-4725-9E20-0DFCC20E84AC}.Release|Any CPU.ActiveCfg = Release|Any CPU
		{BBC9C02C-9868-4725-9E20-0DFCC20E84AC}.Release|Any CPU.Build.0 = Release|Any CPU
		{2BD2B5B4-AE34-4F86-9ED9-844516CE18DF}.Debug|Any CPU.ActiveCfg = Debug|Any CPU
		{2BD2B5B4-AE34-4F86-9ED9-844516CE18DF}.Debug|Any CPU.Build.0 = Debug|Any CPU
		{2BD2B5B4-AE34-4F86-9ED9-844516CE18DF}.Release|Any CPU.ActiveCfg = Release|Any CPU
		{2BD2B5B4-AE34-4F86-9ED9-844516CE18DF}.Release|Any CPU.Build.0 = Release|Any CPU
	EndGlobalSection
	GlobalSection(SolutionProperties) = preSolution
		HideSolutionNode = FALSE
	EndGlobalSection
	GlobalSection(ExtensibilityGlobals) = postSolution
		SolutionGuid = {FB973CA8-3CE8-4310-B2E0-A64857148023}
	EndGlobalSection
EndGlobal
